// !$*UTF8*$!
{
	archiveVersion = 1;
	classes = {
	};
	objectVersion = 55;
	objects = {

/* Begin PBXBuildFile section */
		D423981B27C12B8E0079D963 /* AppDelegate.swift in Sources */ = {isa = PBXBuildFile; fileRef = D423981A27C12B8E0079D963 /* AppDelegate.swift */; };
		D423981D27C12B8E0079D963 /* (null) in Sources */ = {isa = PBXBuildFile; };
		D423981F27C12B8E0079D963 /* GalleryViewController.swift in Sources */ = {isa = PBXBuildFile; fileRef = D423981E27C12B8E0079D963 /* GalleryViewController.swift */; };
		D423982227C12B8E0079D963 /* Main.storyboard in Resources */ = {isa = PBXBuildFile; fileRef = D423982027C12B8E0079D963 /* Main.storyboard */; };
		D423982427C12B900079D963 /* Assets.xcassets in Resources */ = {isa = PBXBuildFile; fileRef = D423982327C12B900079D963 /* Assets.xcassets */; };
		D423982727C12B900079D963 /* LaunchScreen.storyboard in Resources */ = {isa = PBXBuildFile; fileRef = D423982527C12B900079D963 /* LaunchScreen.storyboard */; };
		D423983727C12EFD0079D963 /* ImageService.swift in Sources */ = {isa = PBXBuildFile; fileRef = D423983627C12EFD0079D963 /* ImageService.swift */; };
		D423983927C12F280079D963 /* CacheManager.swift in Sources */ = {isa = PBXBuildFile; fileRef = D423983827C12F280079D963 /* CacheManager.swift */; };
		D423983B27C12F470079D963 /* ImageManager.swift in Sources */ = {isa = PBXBuildFile; fileRef = D423983A27C12F470079D963 /* ImageManager.swift */; };
		D423983D27C12F710079D963 /* GalleryPresenter.swift in Sources */ = {isa = PBXBuildFile; fileRef = D423983C27C12F710079D963 /* GalleryPresenter.swift */; };
		D423983F27C12F790079D963 /* GalleryPresenterImpl.swift in Sources */ = {isa = PBXBuildFile; fileRef = D423983E27C12F790079D963 /* GalleryPresenterImpl.swift */; };
		D423984127C12F8A0079D963 /* GalleryView.swift in Sources */ = {isa = PBXBuildFile; fileRef = D423984027C12F8A0079D963 /* GalleryView.swift */; };
		D4B1752727C174FB005B0436 /* SceneDelegate.swift in Sources */ = {isa = PBXBuildFile; fileRef = D4B1752627C174FB005B0436 /* SceneDelegate.swift */; };
		D4B1752927C21EEE005B0436 /* GalleryItem.swift in Sources */ = {isa = PBXBuildFile; fileRef = D4B1752827C21EEE005B0436 /* GalleryItem.swift */; };
		D4B1752C27C21F11005B0436 /* GalleryCell.swift in Sources */ = {isa = PBXBuildFile; fileRef = D4B1752B27C21F11005B0436 /* GalleryCell.swift */; };
		D4B1752E27C2253A005B0436 /* PicsumPhotosService.swift in Sources */ = {isa = PBXBuildFile; fileRef = D4B1752D27C2253A005B0436 /* PicsumPhotosService.swift */; };
		D4B1753027C232F2005B0436 /* GalleryCacheManager.swift in Sources */ = {isa = PBXBuildFile; fileRef = D4B1752F27C232F2005B0436 /* GalleryCacheManager.swift */; };
		D4B1753227C2331A005B0436 /* GalleryImageManager.swift in Sources */ = {isa = PBXBuildFile; fileRef = D4B1753127C2331A005B0436 /* GalleryImageManager.swift */; };
		D4B1753427C26F78005B0436 /* PicsumPhotosItem.swift in Sources */ = {isa = PBXBuildFile; fileRef = D4B1753327C26F78005B0436 /* PicsumPhotosItem.swift */; };
		D4B1753627C28916005B0436 /* GalleryItemPresenter.swift in Sources */ = {isa = PBXBuildFile; fileRef = D4B1753527C28916005B0436 /* GalleryItemPresenter.swift */; };
		D4B1753827C28926005B0436 /* GalleryItemPresenterImpl.swift in Sources */ = {isa = PBXBuildFile; fileRef = D4B1753727C28926005B0436 /* GalleryItemPresenterImpl.swift */; };
		D4B1753A27C28956005B0436 /* GalleryItemView.swift in Sources */ = {isa = PBXBuildFile; fileRef = D4B1753927C28956005B0436 /* GalleryItemView.swift */; };
		D4B1753C27C289F8005B0436 /* GalleryItemViewController.swift in Sources */ = {isa = PBXBuildFile; fileRef = D4B1753B27C289F8005B0436 /* GalleryItemViewController.swift */; };
/* End PBXBuildFile section */

/* Begin PBXFileReference section */
		D423981727C12B8E0079D963 /* Gallery.app */ = {isa = PBXFileReference; explicitFileType = wrapper.application; includeInIndex = 0; path = Gallery.app; sourceTree = BUILT_PRODUCTS_DIR; };
		D423981A27C12B8E0079D963 /* AppDelegate.swift */ = {isa = PBXFileReference; lastKnownFileType = sourcecode.swift; path = AppDelegate.swift; sourceTree = "<group>"; };
		D423981E27C12B8E0079D963 /* GalleryViewController.swift */ = {isa = PBXFileReference; lastKnownFileType = sourcecode.swift; path = GalleryViewController.swift; sourceTree = "<group>"; };
		D423982127C12B8E0079D963 /* Base */ = {isa = PBXFileReference; lastKnownFileType = file.storyboard; name = Base; path = Base.lproj/Main.storyboard; sourceTree = "<group>"; };
		D423982327C12B900079D963 /* Assets.xcassets */ = {isa = PBXFileReference; lastKnownFileType = folder.assetcatalog; path = Assets.xcassets; sourceTree = "<group>"; };
		D423982627C12B900079D963 /* Base */ = {isa = PBXFileReference; lastKnownFileType = file.storyboard; name = Base; path = Base.lproj/LaunchScreen.storyboard; sourceTree = "<group>"; };
		D423982827C12B900079D963 /* Info.plist */ = {isa = PBXFileReference; lastKnownFileType = text.plist.xml; path = Info.plist; sourceTree = "<group>"; };
		D423983627C12EFD0079D963 /* ImageService.swift */ = {isa = PBXFileReference; lastKnownFileType = sourcecode.swift; path = ImageService.swift; sourceTree = "<group>"; };
		D423983827C12F280079D963 /* CacheManager.swift */ = {isa = PBXFileReference; lastKnownFileType = sourcecode.swift; path = CacheManager.swift; sourceTree = "<group>"; };
		D423983A27C12F470079D963 /* ImageManager.swift */ = {isa = PBXFileReference; lastKnownFileType = sourcecode.swift; path = ImageManager.swift; sourceTree = "<group>"; };
		D423983C27C12F710079D963 /* GalleryPresenter.swift */ = {isa = PBXFileReference; lastKnownFileType = sourcecode.swift; path = GalleryPresenter.swift; sourceTree = "<group>"; };
		D423983E27C12F790079D963 /* GalleryPresenterImpl.swift */ = {isa = PBXFileReference; lastKnownFileType = sourcecode.swift; path = GalleryPresenterImpl.swift; sourceTree = "<group>"; };
		D423984027C12F8A0079D963 /* GalleryView.swift */ = {isa = PBXFileReference; lastKnownFileType = sourcecode.swift; path = GalleryView.swift; sourceTree = "<group>"; };
		D4B1752627C174FB005B0436 /* SceneDelegate.swift */ = {isa = PBXFileReference; fileEncoding = 4; lastKnownFileType = sourcecode.swift; name = SceneDelegate.swift; path = Gallery/SceneDelegate.swift; sourceTree = SOURCE_ROOT; };
		D4B1752827C21EEE005B0436 /* GalleryItem.swift */ = {isa = PBXFileReference; lastKnownFileType = sourcecode.swift; path = GalleryItem.swift; sourceTree = "<group>"; };
		D4B1752B27C21F11005B0436 /* GalleryCell.swift */ = {isa = PBXFileReference; lastKnownFileType = sourcecode.swift; path = GalleryCell.swift; sourceTree = "<group>"; };
		D4B1752D27C2253A005B0436 /* PicsumPhotosService.swift */ = {isa = PBXFileReference; lastKnownFileType = sourcecode.swift; path = PicsumPhotosService.swift; sourceTree = "<group>"; };
		D4B1752F27C232F2005B0436 /* GalleryCacheManager.swift */ = {isa = PBXFileReference; lastKnownFileType = sourcecode.swift; path = GalleryCacheManager.swift; sourceTree = "<group>"; };
		D4B1753127C2331A005B0436 /* GalleryImageManager.swift */ = {isa = PBXFileReference; lastKnownFileType = sourcecode.swift; path = GalleryImageManager.swift; sourceTree = "<group>"; };
		D4B1753327C26F78005B0436 /* PicsumPhotosItem.swift */ = {isa = PBXFileReference; lastKnownFileType = sourcecode.swift; path = PicsumPhotosItem.swift; sourceTree = "<group>"; };
		D4B1753527C28916005B0436 /* GalleryItemPresenter.swift */ = {isa = PBXFileReference; lastKnownFileType = sourcecode.swift; path = GalleryItemPresenter.swift; sourceTree = "<group>"; };
		D4B1753727C28926005B0436 /* GalleryItemPresenterImpl.swift */ = {isa = PBXFileReference; lastKnownFileType = sourcecode.swift; path = GalleryItemPresenterImpl.swift; sourceTree = "<group>"; };
		D4B1753927C28956005B0436 /* GalleryItemView.swift */ = {isa = PBXFileReference; lastKnownFileType = sourcecode.swift; path = GalleryItemView.swift; sourceTree = "<group>"; };
		D4B1753B27C289F8005B0436 /* GalleryItemViewController.swift */ = {isa = PBXFileReference; lastKnownFileType = sourcecode.swift; path = GalleryItemViewController.swift; sourceTree = "<group>"; };
/* End PBXFileReference section */

/* Begin PBXFrameworksBuildPhase section */
		D423981427C12B8E0079D963 /* Frameworks */ = {
			isa = PBXFrameworksBuildPhase;
			buildActionMask = 2147483647;
			files = (
			);
			runOnlyForDeploymentPostprocessing = 0;
		};
/* End PBXFrameworksBuildPhase section */

/* Begin PBXGroup section */
		D423980E27C12B8E0079D963 = {
			isa = PBXGroup;
			children = (
				D423981927C12B8E0079D963 /* Gallery */,
				D423981827C12B8E0079D963 /* Products */,
			);
			sourceTree = "<group>";
		};
		D423981827C12B8E0079D963 /* Products */ = {
			isa = PBXGroup;
			children = (
				D423981727C12B8E0079D963 /* Gallery.app */,
			);
			name = Products;
			sourceTree = "<group>";
		};
		D423981927C12B8E0079D963 /* Gallery */ = {
			isa = PBXGroup;
			children = (
				D423982F27C12DF50079D963 /* App */,
				D423982E27C12DBA0079D963 /* MainScene */,
				D423983027C12DFD0079D963 /* Resources */,
				D423982827C12B900079D963 /* Info.plist */,
			);
			path = Gallery;
			sourceTree = "<group>";
		};
		D423982E27C12DBA0079D963 /* MainScene */ = {
			isa = PBXGroup;
			children = (
				D423983427C12E460079D963 /* Services */,
				D423983527C12E4C0079D963 /* Managers */,
				D423983127C12E320079D963 /* Model */,
				D423983327C12E3C0079D963 /* View */,
				D423983227C12E370079D963 /* Presenter */,
			);
			path = MainScene;
			sourceTree = "<group>";
		};
		D423982F27C12DF50079D963 /* App */ = {
			isa = PBXGroup;
			children = (
				D4B1752627C174FB005B0436 /* SceneDelegate.swift */,
				D423981A27C12B8E0079D963 /* AppDelegate.swift */,
			);
			path = App;
			sourceTree = "<group>";
		};
		D423983027C12DFD0079D963 /* Resources */ = {
			isa = PBXGroup;
			children = (
				D423982327C12B900079D963 /* Assets.xcassets */,
			);
			path = Resources;
			sourceTree = "<group>";
		};
		D423983127C12E320079D963 /* Model */ = {
			isa = PBXGroup;
			children = (
				D4B1752827C21EEE005B0436 /* GalleryItem.swift */,
				D4B1753327C26F78005B0436 /* PicsumPhotosItem.swift */,
			);
			path = Model;
			sourceTree = "<group>";
		};
		D423983227C12E370079D963 /* Presenter */ = {
			isa = PBXGroup;
			children = (
				D423983C27C12F710079D963 /* GalleryPresenter.swift */,
				D423983E27C12F790079D963 /* GalleryPresenterImpl.swift */,
				D4B1753527C28916005B0436 /* GalleryItemPresenter.swift */,
				D4B1753727C28926005B0436 /* GalleryItemPresenterImpl.swift */,
			);
			path = Presenter;
			sourceTree = "<group>";
		};
		D423983327C12E3C0079D963 /* View */ = {
			isa = PBXGroup;
			children = (
				D4B1752A27C21F01005B0436 /* Cells */,
				D423984027C12F8A0079D963 /* GalleryView.swift */,
				D423981E27C12B8E0079D963 /* GalleryViewController.swift */,
				D4B1753927C28956005B0436 /* GalleryItemView.swift */,
				D4B1753B27C289F8005B0436 /* GalleryItemViewController.swift */,
				D423982027C12B8E0079D963 /* Main.storyboard */,
				D423982527C12B900079D963 /* LaunchScreen.storyboard */,
			);
			path = View;
			sourceTree = "<group>";
		};
		D423983427C12E460079D963 /* Services */ = {
			isa = PBXGroup;
			children = (
				D423983627C12EFD0079D963 /* ImageService.swift */,
				D4B1752D27C2253A005B0436 /* PicsumPhotosService.swift */,
			);
			path = Services;
			sourceTree = "<group>";
		};
		D423983527C12E4C0079D963 /* Managers */ = {
			isa = PBXGroup;
			children = (
				D423983827C12F280079D963 /* CacheManager.swift */,
				D4B1752F27C232F2005B0436 /* GalleryCacheManager.swift */,
				D423983A27C12F470079D963 /* ImageManager.swift */,
				D4B1753127C2331A005B0436 /* GalleryImageManager.swift */,
			);
			path = Managers;
			sourceTree = "<group>";
		};
		D4B1752A27C21F01005B0436 /* Cells */ = {
			isa = PBXGroup;
			children = (
				D4B1752B27C21F11005B0436 /* GalleryCell.swift */,
			);
			path = Cells;
			sourceTree = "<group>";
		};
/* End PBXGroup section */

/* Begin PBXNativeTarget section */
		D423981627C12B8E0079D963 /* Gallery */ = {
			isa = PBXNativeTarget;
			buildConfigurationList = D423982B27C12B900079D963 /* Build configuration list for PBXNativeTarget "Gallery" */;
			buildPhases = (
				D423981327C12B8E0079D963 /* Sources */,
				D423981427C12B8E0079D963 /* Frameworks */,
				D423981527C12B8E0079D963 /* Resources */,
			);
			buildRules = (
			);
			dependencies = (
			);
			name = Gallery;
			productName = Gallery;
			productReference = D423981727C12B8E0079D963 /* Gallery.app */;
			productType = "com.apple.product-type.application";
		};
/* End PBXNativeTarget section */

/* Begin PBXProject section */
		D423980F27C12B8E0079D963 /* Project object */ = {
			isa = PBXProject;
			attributes = {
				BuildIndependentTargetsInParallel = 1;
				LastSwiftUpdateCheck = 1320;
				LastUpgradeCheck = 1320;
				TargetAttributes = {
					D423981627C12B8E0079D963 = {
						CreatedOnToolsVersion = 13.2.1;
					};
				};
			};
			buildConfigurationList = D423981227C12B8E0079D963 /* Build configuration list for PBXProject "Gallery" */;
			compatibilityVersion = "Xcode 13.0";
			developmentRegion = en;
			hasScannedForEncodings = 0;
			knownRegions = (
				en,
				Base,
			);
			mainGroup = D423980E27C12B8E0079D963;
			productRefGroup = D423981827C12B8E0079D963 /* Products */;
			projectDirPath = "";
			projectRoot = "";
			targets = (
				D423981627C12B8E0079D963 /* Gallery */,
			);
		};
/* End PBXProject section */

/* Begin PBXResourcesBuildPhase section */
		D423981527C12B8E0079D963 /* Resources */ = {
			isa = PBXResourcesBuildPhase;
			buildActionMask = 2147483647;
			files = (
				D423982727C12B900079D963 /* LaunchScreen.storyboard in Resources */,
				D423982427C12B900079D963 /* Assets.xcassets in Resources */,
				D423982227C12B8E0079D963 /* Main.storyboard in Resources */,
			);
			runOnlyForDeploymentPostprocessing = 0;
		};
/* End PBXResourcesBuildPhase section */

/* Begin PBXSourcesBuildPhase section */
		D423981327C12B8E0079D963 /* Sources */ = {
			isa = PBXSourcesBuildPhase;
			buildActionMask = 2147483647;
			files = (
				D4B1753C27C289F8005B0436 /* GalleryItemViewController.swift in Sources */,
				D4B1752C27C21F11005B0436 /* GalleryCell.swift in Sources */,
				D423983D27C12F710079D963 /* GalleryPresenter.swift in Sources */,
				D423981F27C12B8E0079D963 /* GalleryViewController.swift in Sources */,
				D423983927C12F280079D963 /* CacheManager.swift in Sources */,
				D4B1753227C2331A005B0436 /* GalleryImageManager.swift in Sources */,
				D423983727C12EFD0079D963 /* ImageService.swift in Sources */,
				D4B1753827C28926005B0436 /* GalleryItemPresenterImpl.swift in Sources */,
				D423983B27C12F470079D963 /* ImageManager.swift in Sources */,
				D4B1752727C174FB005B0436 /* SceneDelegate.swift in Sources */,
				D4B1752927C21EEE005B0436 /* GalleryItem.swift in Sources */,
				D423981B27C12B8E0079D963 /* AppDelegate.swift in Sources */,
				D423984127C12F8A0079D963 /* GalleryView.swift in Sources */,
				D4B1752E27C2253A005B0436 /* PicsumPhotosService.swift in Sources */,
				D4B1753A27C28956005B0436 /* GalleryItemView.swift in Sources */,
				D423983F27C12F790079D963 /* GalleryPresenterImpl.swift in Sources */,
				D423981D27C12B8E0079D963 /* (null) in Sources */,
				D4B1753427C26F78005B0436 /* PicsumPhotosItem.swift in Sources */,
				D4B1753627C28916005B0436 /* GalleryItemPresenter.swift in Sources */,
				D4B1753027C232F2005B0436 /* GalleryCacheManager.swift in Sources */,
			);
			runOnlyForDeploymentPostprocessing = 0;
		};
/* End PBXSourcesBuildPhase section */

/* Begin PBXVariantGroup section */
		D423982027C12B8E0079D963 /* Main.storyboard */ = {
			isa = PBXVariantGroup;
			children = (
				D423982127C12B8E0079D963 /* Base */,
			);
			name = Main.storyboard;
			sourceTree = "<group>";
		};
		D423982527C12B900079D963 /* LaunchScreen.storyboard */ = {
			isa = PBXVariantGroup;
			children = (
				D423982627C12B900079D963 /* Base */,
			);
			name = LaunchScreen.storyboard;
			sourceTree = "<group>";
		};
/* End PBXVariantGroup section */

/* Begin XCBuildConfiguration section */
		D423982927C12B900079D963 /* Debug */ = {
			isa = XCBuildConfiguration;
			buildSettings = {
				ALWAYS_SEARCH_USER_PATHS = NO;
				CLANG_ANALYZER_NONNULL = YES;
				CLANG_ANALYZER_NUMBER_OBJECT_CONVERSION = YES_AGGRESSIVE;
				CLANG_CXX_LANGUAGE_STANDARD = "gnu++17";
				CLANG_CXX_LIBRARY = "libc++";
				CLANG_ENABLE_MODULES = YES;
				CLANG_ENABLE_OBJC_ARC = YES;
				CLANG_ENABLE_OBJC_WEAK = YES;
				CLANG_WARN_BLOCK_CAPTURE_AUTORELEASING = YES;
				CLANG_WARN_BOOL_CONVERSION = YES;
				CLANG_WARN_COMMA = YES;
				CLANG_WARN_CONSTANT_CONVERSION = YES;
				CLANG_WARN_DEPRECATED_OBJC_IMPLEMENTATIONS = YES;
				CLANG_WARN_DIRECT_OBJC_ISA_USAGE = YES_ERROR;
				CLANG_WARN_DOCUMENTATION_COMMENTS = YES;
				CLANG_WARN_EMPTY_BODY = YES;
				CLANG_WARN_ENUM_CONVERSION = YES;
				CLANG_WARN_INFINITE_RECURSION = YES;
				CLANG_WARN_INT_CONVERSION = YES;
				CLANG_WARN_NON_LITERAL_NULL_CONVERSION = YES;
				CLANG_WARN_OBJC_IMPLICIT_RETAIN_SELF = YES;
				CLANG_WARN_OBJC_LITERAL_CONVERSION = YES;
				CLANG_WARN_OBJC_ROOT_CLASS = YES_ERROR;
				CLANG_WARN_QUOTED_INCLUDE_IN_FRAMEWORK_HEADER = YES;
				CLANG_WARN_RANGE_LOOP_ANALYSIS = YES;
				CLANG_WARN_STRICT_PROTOTYPES = YES;
				CLANG_WARN_SUSPICIOUS_MOVE = YES;
				CLANG_WARN_UNGUARDED_AVAILABILITY = YES_AGGRESSIVE;
				CLANG_WARN_UNREACHABLE_CODE = YES;
				CLANG_WARN__DUPLICATE_METHOD_MATCH = YES;
				COPY_PHASE_STRIP = NO;
				DEBUG_INFORMATION_FORMAT = dwarf;
				ENABLE_STRICT_OBJC_MSGSEND = YES;
				ENABLE_TESTABILITY = YES;
				GCC_C_LANGUAGE_STANDARD = gnu11;
				GCC_DYNAMIC_NO_PIC = NO;
				GCC_NO_COMMON_BLOCKS = YES;
				GCC_OPTIMIZATION_LEVEL = 0;
				GCC_PREPROCESSOR_DEFINITIONS = (
					"DEBUG=1",
					"$(inherited)",
				);
				GCC_WARN_64_TO_32_BIT_CONVERSION = YES;
				GCC_WARN_ABOUT_RETURN_TYPE = YES_ERROR;
				GCC_WARN_UNDECLARED_SELECTOR = YES;
				GCC_WARN_UNINITIALIZED_AUTOS = YES_AGGRESSIVE;
				GCC_WARN_UNUSED_FUNCTION = YES;
				GCC_WARN_UNUSED_VARIABLE = YES;
				IPHONEOS_DEPLOYMENT_TARGET = 11.0;
				MTL_ENABLE_DEBUG_INFO = INCLUDE_SOURCE;
				MTL_FAST_MATH = YES;
				ONLY_ACTIVE_ARCH = YES;
				SDKROOT = iphoneos;
				SWIFT_ACTIVE_COMPILATION_CONDITIONS = DEBUG;
				SWIFT_OPTIMIZATION_LEVEL = "-Onone";
			};
			name = Debug;
		};
		D423982A27C12B900079D963 /* Release */ = {
			isa = XCBuildConfiguration;
			buildSettings = {
				ALWAYS_SEARCH_USER_PATHS = NO;
				CLANG_ANALYZER_NONNULL = YES;
				CLANG_ANALYZER_NUMBER_OBJECT_CONVERSION = YES_AGGRESSIVE;
				CLANG_CXX_LANGUAGE_STANDARD = "gnu++17";
				CLANG_CXX_LIBRARY = "libc++";
				CLANG_ENABLE_MODULES = YES;
				CLANG_ENABLE_OBJC_ARC = YES;
				CLANG_ENABLE_OBJC_WEAK = YES;
				CLANG_WARN_BLOCK_CAPTURE_AUTORELEASING = YES;
				CLANG_WARN_BOOL_CONVERSION = YES;
				CLANG_WARN_COMMA = YES;
				CLANG_WARN_CONSTANT_CONVERSION = YES;
				CLANG_WARN_DEPRECATED_OBJC_IMPLEMENTATIONS = YES;
				CLANG_WARN_DIRECT_OBJC_ISA_USAGE = YES_ERROR;
				CLANG_WARN_DOCUMENTATION_COMMENTS = YES;
				CLANG_WARN_EMPTY_BODY = YES;
				CLANG_WARN_ENUM_CONVERSION = YES;
				CLANG_WARN_INFINITE_RECURSION = YES;
				CLANG_WARN_INT_CONVERSION = YES;
				CLANG_WARN_NON_LITERAL_NULL_CONVERSION = YES;
				CLANG_WARN_OBJC_IMPLICIT_RETAIN_SELF = YES;
				CLANG_WARN_OBJC_LITERAL_CONVERSION = YES;
				CLANG_WARN_OBJC_ROOT_CLASS = YES_ERROR;
				CLANG_WARN_QUOTED_INCLUDE_IN_FRAMEWORK_HEADER = YES;
				CLANG_WARN_RANGE_LOOP_ANALYSIS = YES;
				CLANG_WARN_STRICT_PROTOTYPES = YES;
				CLANG_WARN_SUSPICIOUS_MOVE = YES;
				CLANG_WARN_UNGUARDED_AVAILABILITY = YES_AGGRESSIVE;
				CLANG_WARN_UNREACHABLE_CODE = YES;
				CLANG_WARN__DUPLICATE_METHOD_MATCH = YES;
				COPY_PHASE_STRIP = NO;
				DEBUG_INFORMATION_FORMAT = "dwarf-with-dsym";
				ENABLE_NS_ASSERTIONS = NO;
				ENABLE_STRICT_OBJC_MSGSEND = YES;
				GCC_C_LANGUAGE_STANDARD = gnu11;
				GCC_NO_COMMON_BLOCKS = YES;
				GCC_WARN_64_TO_32_BIT_CONVERSION = YES;
				GCC_WARN_ABOUT_RETURN_TYPE = YES_ERROR;
				GCC_WARN_UNDECLARED_SELECTOR = YES;
				GCC_WARN_UNINITIALIZED_AUTOS = YES_AGGRESSIVE;
				GCC_WARN_UNUSED_FUNCTION = YES;
				GCC_WARN_UNUSED_VARIABLE = YES;
				IPHONEOS_DEPLOYMENT_TARGET = 11.0;
				MTL_ENABLE_DEBUG_INFO = NO;
				MTL_FAST_MATH = YES;
				SDKROOT = iphoneos;
				SWIFT_COMPILATION_MODE = wholemodule;
				SWIFT_OPTIMIZATION_LEVEL = "-O";
				VALIDATE_PRODUCT = YES;
			};
			name = Release;
		};
		D423982C27C12B900079D963 /* Debug */ = {
			isa = XCBuildConfiguration;
			buildSettings = {
				ASSETCATALOG_COMPILER_APPICON_NAME = AppIcon;
				ASSETCATALOG_COMPILER_GLOBAL_ACCENT_COLOR_NAME = AccentColor;
				CODE_SIGN_STYLE = Automatic;
				CURRENT_PROJECT_VERSION = 1;
				DEVELOPMENT_TEAM = 4HB6S36Q6D;
				GENERATE_INFOPLIST_FILE = YES;
				INFOPLIST_FILE = Gallery/Info.plist;
				INFOPLIST_KEY_UIApplicationSupportsIndirectInputEvents = YES;
				INFOPLIST_KEY_UILaunchStoryboardName = LaunchScreen;
				INFOPLIST_KEY_UIMainStoryboardFile = Main;
				INFOPLIST_KEY_UISupportedInterfaceOrientations_iPad = "UIInterfaceOrientationPortrait UIInterfaceOrientationPortraitUpsideDown UIInterfaceOrientationLandscapeLeft UIInterfaceOrientationLandscapeRight";
				INFOPLIST_KEY_UISupportedInterfaceOrientations_iPhone = "UIInterfaceOrientationPortrait UIInterfaceOrientationLandscapeLeft UIInterfaceOrientationLandscapeRight";
				LD_RUNPATH_SEARCH_PATHS = (
					"$(inherited)",
					"@executable_path/Frameworks",
				);
				MARKETING_VERSION = 1.0;
				PRODUCT_BUNDLE_IDENTIFIER = dys.Gallery;
				PRODUCT_NAME = "$(TARGET_NAME)";
				SWIFT_EMIT_LOC_STRINGS = YES;
				SWIFT_VERSION = 5.0;
				TARGETED_DEVICE_FAMILY = "1,2";
			};
			name = Debug;
		};
		D423982D27C12B900079D963 /* Release */ = {
			isa = XCBuildConfiguration;
			buildSettings = {
				ASSETCATALOG_COMPILER_APPICON_NAME = AppIcon;
				ASSETCATALOG_COMPILER_GLOBAL_ACCENT_COLOR_NAME = AccentColor;
				CODE_SIGN_STYLE = Automatic;
				CURRENT_PROJECT_VERSION = 1;
				DEVELOPMENT_TEAM = 4HB6S36Q6D;
				GENERATE_INFOPLIST_FILE = YES;
				INFOPLIST_FILE = Gallery/Info.plist;
				INFOPLIST_KEY_UIApplicationSupportsIndirectInputEvents = YES;
				INFOPLIST_KEY_UILaunchStoryboardName = LaunchScreen;
				INFOPLIST_KEY_UIMainStoryboardFile = Main;
				INFOPLIST_KEY_UISupportedInterfaceOrientations_iPad = "UIInterfaceOrientationPortrait UIInterfaceOrientationPortraitUpsideDown UIInterfaceOrientationLandscapeLeft UIInterfaceOrientationLandscapeRight";
				INFOPLIST_KEY_UISupportedInterfaceOrientations_iPhone = "UIInterfaceOrientationPortrait UIInterfaceOrientationLandscapeLeft UIInterfaceOrientationLandscapeRight";
				LD_RUNPATH_SEARCH_PATHS = (
					"$(inherited)",
					"@executable_path/Frameworks",
				);
				MARKETING_VERSION = 1.0;
				PRODUCT_BUNDLE_IDENTIFIER = dys.Gallery;
				PRODUCT_NAME = "$(TARGET_NAME)";
				SWIFT_EMIT_LOC_STRINGS = YES;
				SWIFT_VERSION = 5.0;
				TARGETED_DEVICE_FAMILY = "1,2";
			};
			name = Release;
		};
/* End XCBuildConfiguration section */

/* Begin XCConfigurationList section */
		D423981227C12B8E0079D963 /* Build configuration list for PBXProject "Gallery" */ = {
			isa = XCConfigurationList;
			buildConfigurations = (
				D423982927C12B900079D963 /* Debug */,
				D423982A27C12B900079D963 /* Release */,
			);
			defaultConfigurationIsVisible = 0;
			defaultConfigurationName = Release;
		};
		D423982B27C12B900079D963 /* Build configuration list for PBXNativeTarget "Gallery" */ = {
			isa = XCConfigurationList;
			buildConfigurations = (
				D423982C27C12B900079D963 /* Debug */,
				D423982D27C12B900079D963 /* Release */,
			);
			defaultConfigurationIsVisible = 0;
			defaultConfigurationName = Release;
		};
/* End XCConfigurationList section */
	};
	rootObject = D423980F27C12B8E0079D963 /* Project object */;
}
